// !$*UTF8*$!
{
	archiveVersion = 1;
	classes = {
	};
	objectVersion = 46;
	objects = {

/* Begin PBXBuildFile section */
		446344F903AFB56BB20DF0FB /* libPods-MDW.a in Frameworks */ = {isa = PBXBuildFile; fileRef = 32F72EE83A9F9EE57C4F6BF8 /* libPods-MDW.a */; };
		4C1E5DF11E9E248500760766 /* main.m in Sources */ = {isa = PBXBuildFile; fileRef = 4C1E5DF01E9E248500760766 /* main.m */; };
		4C1E5DF41E9E248500760766 /* AppDelegate.m in Sources */ = {isa = PBXBuildFile; fileRef = 4C1E5DF31E9E248500760766 /* AppDelegate.m */; };
		4C1E5DF71E9E248500760766 /* ViewController.m in Sources */ = {isa = PBXBuildFile; fileRef = 4C1E5DF61E9E248500760766 /* ViewController.m */; };
		4C1E5DFC1E9E248500760766 /* Assets.xcassets in Resources */ = {isa = PBXBuildFile; fileRef = 4C1E5DFB1E9E248500760766 /* Assets.xcassets */; };
		4C1E5DFF1E9E248500760766 /* LaunchScreen.storyboard in Resources */ = {isa = PBXBuildFile; fileRef = 4C1E5DFD1E9E248500760766 /* LaunchScreen.storyboard */; };
		CC2B392A1E9FE54A0099EEE9 /* SWRevealViewController.m in Sources */ = {isa = PBXBuildFile; fileRef = CC2B39291E9FE54A0099EEE9 /* SWRevealViewController.m */; };
		CC2B392D1E9FEC790099EEE9 /* SidebarTableViewController.m in Sources */ = {isa = PBXBuildFile; fileRef = CC2B392C1E9FEC790099EEE9 /* SidebarTableViewController.m */; };
		CC6D930C1EA2281800361E83 /* AgendaTabBarController.m in Sources */ = {isa = PBXBuildFile; fileRef = CC6D930B1EA2281800361E83 /* AgendaTabBarController.m */; };
		CCA77D5E1EA0BAF7005C498E /* SpeakersViewController.m in Sources */ = {isa = PBXBuildFile; fileRef = CCA77D5D1EA0BAF7005C498E /* SpeakersViewController.m */; };
		CCA77D611EA0BC30005C498E /* ExhibitorsViewController.m in Sources */ = {isa = PBXBuildFile; fileRef = CCA77D601EA0BC30005C498E /* ExhibitorsViewController.m */; };
		CCAFD2401EAC6ECB002C2547 /* AllDaysViewController.m in Sources */ = {isa = PBXBuildFile; fileRef = CCAFD23F1EAC6ECB002C2547 /* AllDaysViewController.m */; };
		CCAFD2421EAC727D002C2547 /* Main.storyboard in Resources */ = {isa = PBXBuildFile; fileRef = CCAFD2411EAC727D002C2547 /* Main.storyboard */; };
		CCAFD2481EACB9EC002C2547 /* SessionDetailsViewController.m in Sources */ = {isa = PBXBuildFile; fileRef = CCAFD2471EACB9EC002C2547 /* SessionDetailsViewController.m */; };
		CCAFD24D1EACC1D2002C2547 /* DBHandler.m in Sources */ = {isa = PBXBuildFile; fileRef = CCAFD24C1EACC1D2002C2547 /* DBHandler.m */; };
		CCAFD2521EACC20B002C2547 /* URLProvider.m in Sources */ = {isa = PBXBuildFile; fileRef = CCAFD24F1EACC20B002C2547 /* URLProvider.m */; };
		CCAFD2531EACC20B002C2547 /* WebServiceDataProvider.m in Sources */ = {isa = PBXBuildFile; fileRef = CCAFD2511EACC20B002C2547 /* WebServiceDataProvider.m */; };
		CCAFD25F1EACC3CE002C2547 /* AgendaDTO.m in Sources */ = {isa = PBXBuildFile; fileRef = CCAFD2561EACC3CE002C2547 /* AgendaDTO.m */; };
		CCAFD2601EACC3CE002C2547 /* AttendeeDTO.m in Sources */ = {isa = PBXBuildFile; fileRef = CCAFD2581EACC3CE002C2547 /* AttendeeDTO.m */; };
		CCAFD2611EACC3CE002C2547 /* ExhibitorDTO.m in Sources */ = {isa = PBXBuildFile; fileRef = CCAFD25A1EACC3CE002C2547 /* ExhibitorDTO.m */; };
		CCAFD2621EACC3CE002C2547 /* SessionDTO.m in Sources */ = {isa = PBXBuildFile; fileRef = CCAFD25C1EACC3CE002C2547 /* SessionDTO.m */; };
		CCAFD2631EACC3CE002C2547 /* SpeakerDTO.m in Sources */ = {isa = PBXBuildFile; fileRef = CCAFD25E1EACC3CE002C2547 /* SpeakerDTO.m */; };
		CCC3572E1EA865A20057332A /* SpeakerDetailsViewController.m in Sources */ = {isa = PBXBuildFile; fileRef = CCC3572D1EA865A20057332A /* SpeakerDetailsViewController.m */; };
		CCC357311EA867120057332A /* ProfileTabBarController.m in Sources */ = {isa = PBXBuildFile; fileRef = CCC357301EA867120057332A /* ProfileTabBarController.m */; };
/* End PBXBuildFile section */

/* Begin PBXFileReference section */
		32F72EE83A9F9EE57C4F6BF8 /* libPods-MDW.a */ = {isa = PBXFileReference; explicitFileType = archive.ar; includeInIndex = 0; path = "libPods-MDW.a"; sourceTree = BUILT_PRODUCTS_DIR; };
		4C1E5DF01E9E248500760766 /* main.m */ = {isa = PBXFileReference; lastKnownFileType = sourcecode.c.objc; path = main.m; sourceTree = "<group>"; };
		4C1E5DF21E9E248500760766 /* AppDelegate.h */ = {isa = PBXFileReference; lastKnownFileType = sourcecode.c.h; path = AppDelegate.h; sourceTree = "<group>"; };
		4C1E5DF31E9E248500760766 /* AppDelegate.m */ = {isa = PBXFileReference; lastKnownFileType = sourcecode.c.objc; path = AppDelegate.m; sourceTree = "<group>"; };
		4C1E5DF51E9E248500760766 /* ViewController.h */ = {isa = PBXFileReference; lastKnownFileType = sourcecode.c.h; path = ViewController.h; sourceTree = "<group>"; };
		4C1E5DF61E9E248500760766 /* ViewController.m */ = {isa = PBXFileReference; lastKnownFileType = sourcecode.c.objc; path = ViewController.m; sourceTree = "<group>"; };
		4C1E5DFB1E9E248500760766 /* Assets.xcassets */ = {isa = PBXFileReference; lastKnownFileType = folder.assetcatalog; path = Assets.xcassets; sourceTree = "<group>"; };
		4C1E5DFE1E9E248500760766 /* Base */ = {isa = PBXFileReference; lastKnownFileType = file.storyboard; name = Base; path = Base.lproj/LaunchScreen.storyboard; sourceTree = "<group>"; };
		4C1E5E001E9E248500760766 /* Info.plist */ = {isa = PBXFileReference; lastKnownFileType = text.plist.xml; path = Info.plist; sourceTree = "<group>"; };
		74FD82C09B21E6B286D628CE /* Pods-MDW.debug.xcconfig */ = {isa = PBXFileReference; includeInIndex = 1; lastKnownFileType = text.xcconfig; name = "Pods-MDW.debug.xcconfig"; path = "Pods/Target Support Files/Pods-MDW/Pods-MDW.debug.xcconfig"; sourceTree = "<group>"; };
		CC2B39281E9FE54A0099EEE9 /* SWRevealViewController.h */ = {isa = PBXFileReference; fileEncoding = 4; lastKnownFileType = sourcecode.c.h; path = SWRevealViewController.h; sourceTree = "<group>"; };
		CC2B39291E9FE54A0099EEE9 /* SWRevealViewController.m */ = {isa = PBXFileReference; fileEncoding = 4; lastKnownFileType = sourcecode.c.objc; path = SWRevealViewController.m; sourceTree = "<group>"; };
		CC2B392B1E9FEC790099EEE9 /* SidebarTableViewController.h */ = {isa = PBXFileReference; fileEncoding = 4; lastKnownFileType = sourcecode.c.h; name = SidebarTableViewController.h; path = ../SidebarTableViewController.h; sourceTree = "<group>"; };
		CC2B392C1E9FEC790099EEE9 /* SidebarTableViewController.m */ = {isa = PBXFileReference; fileEncoding = 4; lastKnownFileType = sourcecode.c.objc; name = SidebarTableViewController.m; path = ../SidebarTableViewController.m; sourceTree = "<group>"; };
		CC6D93061EA2198400361E83 /* MDW.app */ = {isa = PBXFileReference; explicitFileType = wrapper.application; includeInIndex = 0; path = MDW.app; sourceTree = BUILT_PRODUCTS_DIR; };
		CC6D930A1EA2281800361E83 /* AgendaTabBarController.h */ = {isa = PBXFileReference; fileEncoding = 4; lastKnownFileType = sourcecode.c.h; path = AgendaTabBarController.h; sourceTree = "<group>"; };
		CC6D930B1EA2281800361E83 /* AgendaTabBarController.m */ = {isa = PBXFileReference; fileEncoding = 4; lastKnownFileType = sourcecode.c.objc; path = AgendaTabBarController.m; sourceTree = "<group>"; };
		CCA77D5C1EA0BAF7005C498E /* SpeakersViewController.h */ = {isa = PBXFileReference; fileEncoding = 4; lastKnownFileType = sourcecode.c.h; path = SpeakersViewController.h; sourceTree = "<group>"; };
		CCA77D5D1EA0BAF7005C498E /* SpeakersViewController.m */ = {isa = PBXFileReference; fileEncoding = 4; lastKnownFileType = sourcecode.c.objc; path = SpeakersViewController.m; sourceTree = "<group>"; };
		CCA77D5F1EA0BC30005C498E /* ExhibitorsViewController.h */ = {isa = PBXFileReference; fileEncoding = 4; lastKnownFileType = sourcecode.c.h; path = ExhibitorsViewController.h; sourceTree = "<group>"; };
		CCA77D601EA0BC30005C498E /* ExhibitorsViewController.m */ = {isa = PBXFileReference; fileEncoding = 4; lastKnownFileType = sourcecode.c.objc; path = ExhibitorsViewController.m; sourceTree = "<group>"; };
		CCAFD23E1EAC6ECB002C2547 /* AllDaysViewController.h */ = {isa = PBXFileReference; fileEncoding = 4; lastKnownFileType = sourcecode.c.h; path = AllDaysViewController.h; sourceTree = "<group>"; };
		CCAFD23F1EAC6ECB002C2547 /* AllDaysViewController.m */ = {isa = PBXFileReference; fileEncoding = 4; lastKnownFileType = sourcecode.c.objc; path = AllDaysViewController.m; sourceTree = "<group>"; };
		CCAFD2411EAC727D002C2547 /* Main.storyboard */ = {isa = PBXFileReference; fileEncoding = 4; lastKnownFileType = file.storyboard; path = Main.storyboard; sourceTree = "<group>"; };
		CCAFD2461EACB9EC002C2547 /* SessionDetailsViewController.h */ = {isa = PBXFileReference; fileEncoding = 4; lastKnownFileType = sourcecode.c.h; path = SessionDetailsViewController.h; sourceTree = "<group>"; };
		CCAFD2471EACB9EC002C2547 /* SessionDetailsViewController.m */ = {isa = PBXFileReference; fileEncoding = 4; lastKnownFileType = sourcecode.c.objc; path = SessionDetailsViewController.m; sourceTree = "<group>"; };
		CCAFD24B1EACC1D2002C2547 /* DBHandler.h */ = {isa = PBXFileReference; fileEncoding = 4; lastKnownFileType = sourcecode.c.h; path = DBHandler.h; sourceTree = "<group>"; };
		CCAFD24C1EACC1D2002C2547 /* DBHandler.m */ = {isa = PBXFileReference; fileEncoding = 4; lastKnownFileType = sourcecode.c.objc; path = DBHandler.m; sourceTree = "<group>"; };
		CCAFD24E1EACC20B002C2547 /* URLProvider.h */ = {isa = PBXFileReference; fileEncoding = 4; lastKnownFileType = sourcecode.c.h; path = URLProvider.h; sourceTree = "<group>"; };
		CCAFD24F1EACC20B002C2547 /* URLProvider.m */ = {isa = PBXFileReference; fileEncoding = 4; lastKnownFileType = sourcecode.c.objc; path = URLProvider.m; sourceTree = "<group>"; };
		CCAFD2501EACC20B002C2547 /* WebServiceDataProvider.h */ = {isa = PBXFileReference; fileEncoding = 4; lastKnownFileType = sourcecode.c.h; path = WebServiceDataProvider.h; sourceTree = "<group>"; };
		CCAFD2511EACC20B002C2547 /* WebServiceDataProvider.m */ = {isa = PBXFileReference; fileEncoding = 4; lastKnownFileType = sourcecode.c.objc; path = WebServiceDataProvider.m; sourceTree = "<group>"; };
		CCAFD2541EACC295002C2547 /* ViewControllerDelegate.h */ = {isa = PBXFileReference; lastKnownFileType = sourcecode.c.h; path = ViewControllerDelegate.h; sourceTree = "<group>"; };
		CCAFD2551EACC3CE002C2547 /* AgendaDTO.h */ = {isa = PBXFileReference; fileEncoding = 4; lastKnownFileType = sourcecode.c.h; path = AgendaDTO.h; sourceTree = "<group>"; };
		CCAFD2561EACC3CE002C2547 /* AgendaDTO.m */ = {isa = PBXFileReference; fileEncoding = 4; lastKnownFileType = sourcecode.c.objc; path = AgendaDTO.m; sourceTree = "<group>"; };
		CCAFD2571EACC3CE002C2547 /* AttendeeDTO.h */ = {isa = PBXFileReference; fileEncoding = 4; lastKnownFileType = sourcecode.c.h; path = AttendeeDTO.h; sourceTree = "<group>"; };
		CCAFD2581EACC3CE002C2547 /* AttendeeDTO.m */ = {isa = PBXFileReference; fileEncoding = 4; lastKnownFileType = sourcecode.c.objc; path = AttendeeDTO.m; sourceTree = "<group>"; };
		CCAFD2591EACC3CE002C2547 /* ExhibitorDTO.h */ = {isa = PBXFileReference; fileEncoding = 4; lastKnownFileType = sourcecode.c.h; path = ExhibitorDTO.h; sourceTree = "<group>"; };
		CCAFD25A1EACC3CE002C2547 /* ExhibitorDTO.m */ = {isa = PBXFileReference; fileEncoding = 4; lastKnownFileType = sourcecode.c.objc; path = ExhibitorDTO.m; sourceTree = "<group>"; };
		CCAFD25B1EACC3CE002C2547 /* SessionDTO.h */ = {isa = PBXFileReference; fileEncoding = 4; lastKnownFileType = sourcecode.c.h; path = SessionDTO.h; sourceTree = "<group>"; };
		CCAFD25C1EACC3CE002C2547 /* SessionDTO.m */ = {isa = PBXFileReference; fileEncoding = 4; lastKnownFileType = sourcecode.c.objc; path = SessionDTO.m; sourceTree = "<group>"; };
		CCAFD25D1EACC3CE002C2547 /* SpeakerDTO.h */ = {isa = PBXFileReference; fileEncoding = 4; lastKnownFileType = sourcecode.c.h; path = SpeakerDTO.h; sourceTree = "<group>"; };
		CCAFD25E1EACC3CE002C2547 /* SpeakerDTO.m */ = {isa = PBXFileReference; fileEncoding = 4; lastKnownFileType = sourcecode.c.objc; path = SpeakerDTO.m; sourceTree = "<group>"; };
		CCC3572C1EA865A20057332A /* SpeakerDetailsViewController.h */ = {isa = PBXFileReference; fileEncoding = 4; lastKnownFileType = sourcecode.c.h; path = SpeakerDetailsViewController.h; sourceTree = "<group>"; };
		CCC3572D1EA865A20057332A /* SpeakerDetailsViewController.m */ = {isa = PBXFileReference; fileEncoding = 4; lastKnownFileType = sourcecode.c.objc; path = SpeakerDetailsViewController.m; sourceTree = "<group>"; };
		CCC3572F1EA867120057332A /* ProfileTabBarController.h */ = {isa = PBXFileReference; fileEncoding = 4; lastKnownFileType = sourcecode.c.h; path = ProfileTabBarController.h; sourceTree = "<group>"; };
		CCC357301EA867120057332A /* ProfileTabBarController.m */ = {isa = PBXFileReference; fileEncoding = 4; lastKnownFileType = sourcecode.c.objc; path = ProfileTabBarController.m; sourceTree = "<group>"; };
		F5476FF75C776BDD8834B3C3 /* Pods-MDW.release.xcconfig */ = {isa = PBXFileReference; includeInIndex = 1; lastKnownFileType = text.xcconfig; name = "Pods-MDW.release.xcconfig"; path = "Pods/Target Support Files/Pods-MDW/Pods-MDW.release.xcconfig"; sourceTree = "<group>"; };
/* End PBXFileReference section */

/* Begin PBXFrameworksBuildPhase section */
		4C1E5DE91E9E248500760766 /* Frameworks */ = {
			isa = PBXFrameworksBuildPhase;
			buildActionMask = 2147483647;
			files = (
				446344F903AFB56BB20DF0FB /* libPods-MDW.a in Frameworks */,
			);
			runOnlyForDeploymentPostprocessing = 0;
		};
/* End PBXFrameworksBuildPhase section */

/* Begin PBXGroup section */
		4C1E5DE31E9E248500760766 = {
			isa = PBXGroup;
			children = (
				4C1E5DEE1E9E248500760766 /* MDW */,
				D1C2E792295D0903945D9849 /* Pods */,
				FB169CABE6D532C996176D07 /* Frameworks */,
				CC6D93061EA2198400361E83 /* MDW.app */,
			);
			sourceTree = "<group>";
		};
		4C1E5DEE1E9E248500760766 /* MDW */ = {
			isa = PBXGroup;
			children = (
				CCAFD23D1EAC6E86002C2547 /* Agenda */,
				4C1E5DF21E9E248500760766 /* AppDelegate.h */,
				4C1E5DF31E9E248500760766 /* AppDelegate.m */,
				4C1E5DFB1E9E248500760766 /* Assets.xcassets */,
				CC94D9411EA374ED0007B87E /* DTOs */,
				CCAFD2441EAC90F3002C2547 /* Exhibitors */,
				4C1E5E001E9E248500760766 /* Info.plist */,
				4C1E5DFD1E9E248500760766 /* LaunchScreen.storyboard */,
				CCAFD2411EAC727D002C2547 /* Main.storyboard */,
				CCAFD2451EAC910E002C2547 /* Profile */,
				CC94D9541EA3755C0007B87E /* Services */,
				CCAFD2491EACBE18002C2547 /* SidebarTableViewController */,
				CCAFD2431EAC8FE9002C2547 /* Speakers */,
				4C1E5DEF1E9E248500760766 /* Supporting Files */,
				CC2B39251E9FE4980099EEE9 /* SWRevealViewController */,
				CCAFD24A1EACBE40002C2547 /* ViewController */,
			);
			path = MDW;
			sourceTree = "<group>";
		};
		4C1E5DEF1E9E248500760766 /* Supporting Files */ = {
			isa = PBXGroup;
			children = (
				4C1E5DF01E9E248500760766 /* main.m */,
			);
			name = "Supporting Files";
			sourceTree = "<group>";
		};
		CC2B39251E9FE4980099EEE9 /* SWRevealViewController */ = {
			isa = PBXGroup;
			children = (
				CC2B39281E9FE54A0099EEE9 /* SWRevealViewController.h */,
				CC2B39291E9FE54A0099EEE9 /* SWRevealViewController.m */,
			);
			name = SWRevealViewController;
			sourceTree = "<group>";
		};
		CC94D9411EA374ED0007B87E /* DTOs */ = {
			isa = PBXGroup;
			children = (
				CCAFD2551EACC3CE002C2547 /* AgendaDTO.h */,
				CCAFD2561EACC3CE002C2547 /* AgendaDTO.m */,
				CCAFD2571EACC3CE002C2547 /* AttendeeDTO.h */,
				CCAFD2581EACC3CE002C2547 /* AttendeeDTO.m */,
				CCAFD2591EACC3CE002C2547 /* ExhibitorDTO.h */,
				CCAFD25A1EACC3CE002C2547 /* ExhibitorDTO.m */,
				CCAFD25B1EACC3CE002C2547 /* SessionDTO.h */,
				CCAFD25C1EACC3CE002C2547 /* SessionDTO.m */,
				CCAFD25D1EACC3CE002C2547 /* SpeakerDTO.h */,
				CCAFD25E1EACC3CE002C2547 /* SpeakerDTO.m */,
				CCAFD24B1EACC1D2002C2547 /* DBHandler.h */,
				CCAFD24C1EACC1D2002C2547 /* DBHandler.m */,
			);
			name = DTOs;
			sourceTree = "<group>";
		};
		CC94D9541EA3755C0007B87E /* Services */ = {
			isa = PBXGroup;
			children = (
				CCAFD24E1EACC20B002C2547 /* URLProvider.h */,
				CCAFD24F1EACC20B002C2547 /* URLProvider.m */,
				CCAFD2501EACC20B002C2547 /* WebServiceDataProvider.h */,
				CCAFD2511EACC20B002C2547 /* WebServiceDataProvider.m */,
			);
			name = Services;
			sourceTree = "<group>";
		};
		CCAFD23D1EAC6E86002C2547 /* Agenda */ = {
			isa = PBXGroup;
			children = (
				CC6D930A1EA2281800361E83 /* AgendaTabBarController.h */,
				CC6D930B1EA2281800361E83 /* AgendaTabBarController.m */,
				CCAFD23E1EAC6ECB002C2547 /* AllDaysViewController.h */,
				CCAFD23F1EAC6ECB002C2547 /* AllDaysViewController.m */,
				CCAFD2461EACB9EC002C2547 /* SessionDetailsViewController.h */,
				CCAFD2471EACB9EC002C2547 /* SessionDetailsViewController.m */,
			);
			name = Agenda;
			sourceTree = "<group>";
		};
		CCAFD2431EAC8FE9002C2547 /* Speakers */ = {
			isa = PBXGroup;
			children = (
				CCA77D5C1EA0BAF7005C498E /* SpeakersViewController.h */,
				CCA77D5D1EA0BAF7005C498E /* SpeakersViewController.m */,
				CCC3572C1EA865A20057332A /* SpeakerDetailsViewController.h */,
				CCC3572D1EA865A20057332A /* SpeakerDetailsViewController.m */,
			);
			name = Speakers;
			sourceTree = "<group>";
		};
		CCAFD2441EAC90F3002C2547 /* Exhibitors */ = {
			isa = PBXGroup;
			children = (
				CCA77D5F1EA0BC30005C498E /* ExhibitorsViewController.h */,
				CCA77D601EA0BC30005C498E /* ExhibitorsViewController.m */,
			);
			name = Exhibitors;
			sourceTree = "<group>";
		};
		CCAFD2451EAC910E002C2547 /* Profile */ = {
			isa = PBXGroup;
			children = (
				CCC3572F1EA867120057332A /* ProfileTabBarController.h */,
				CCC357301EA867120057332A /* ProfileTabBarController.m */,
			);
			name = Profile;
			sourceTree = "<group>";
		};
		CCAFD2491EACBE18002C2547 /* SidebarTableViewController */ = {
			isa = PBXGroup;
			children = (
				CC2B392B1E9FEC790099EEE9 /* SidebarTableViewController.h */,
				CC2B392C1E9FEC790099EEE9 /* SidebarTableViewController.m */,
			);
			name = SidebarTableViewController;
			sourceTree = "<group>";
		};
		CCAFD24A1EACBE40002C2547 /* ViewController */ = {
			isa = PBXGroup;
			children = (
				CCAFD2541EACC295002C2547 /* ViewControllerDelegate.h */,
				4C1E5DF51E9E248500760766 /* ViewController.h */,
				4C1E5DF61E9E248500760766 /* ViewController.m */,
			);
			name = ViewController;
			sourceTree = "<group>";
		};
		D1C2E792295D0903945D9849 /* Pods */ = {
			isa = PBXGroup;
			children = (
				74FD82C09B21E6B286D628CE /* Pods-MDW.debug.xcconfig */,
				F5476FF75C776BDD8834B3C3 /* Pods-MDW.release.xcconfig */,
			);
			name = Pods;
			sourceTree = "<group>";
		};
		FB169CABE6D532C996176D07 /* Frameworks */ = {
			isa = PBXGroup;
			children = (
				32F72EE83A9F9EE57C4F6BF8 /* libPods-MDW.a */,
			);
			name = Frameworks;
			sourceTree = "<group>";
		};
/* End PBXGroup section */

/* Begin PBXNativeTarget section */
		4C1E5DEB1E9E248500760766 /* MDW */ = {
			isa = PBXNativeTarget;
			buildConfigurationList = 4C1E5E031E9E248500760766 /* Build configuration list for PBXNativeTarget "MDW" */;
			buildPhases = (
				851B1B3AB9420B9AEE453813 /* [CP] Check Pods Manifest.lock */,
				4C1E5DE81E9E248500760766 /* Sources */,
				4C1E5DE91E9E248500760766 /* Frameworks */,
				4C1E5DEA1E9E248500760766 /* Resources */,
				CC0CB097C557B11151D2FD6A /* [CP] Embed Pods Frameworks */,
				A389A9A8EE3ABAB356DE5C67 /* [CP] Copy Pods Resources */,
			);
			buildRules = (
			);
			dependencies = (
			);
			name = MDW;
			productName = MDW;
			productReference = CC6D93061EA2198400361E83 /* MDW.app */;
			productType = "com.apple.product-type.application";
		};
/* End PBXNativeTarget section */

/* Begin PBXProject section */
		4C1E5DE41E9E248500760766 /* Project object */ = {
			isa = PBXProject;
			attributes = {
				LastUpgradeCheck = 0830;
				ORGANIZATIONNAME = MAD;
				TargetAttributes = {
					4C1E5DEB1E9E248500760766 = {
						CreatedOnToolsVersion = 8.3;
						DevelopmentTeam = 5CZHR7V39M;
						ProvisioningStyle = Automatic;
					};
				};
			};
			buildConfigurationList = 4C1E5DE71E9E248500760766 /* Build configuration list for PBXProject "MDW" */;
			compatibilityVersion = "Xcode 3.2";
			developmentRegion = English;
			hasScannedForEncodings = 0;
			knownRegions = (
				en,
				Base,
			);
			mainGroup = 4C1E5DE31E9E248500760766;
			productRefGroup = 4C1E5DE31E9E248500760766;
			projectDirPath = "";
			projectRoot = "";
			targets = (
				4C1E5DEB1E9E248500760766 /* MDW */,
			);
		};
/* End PBXProject section */

/* Begin PBXResourcesBuildPhase section */
		4C1E5DEA1E9E248500760766 /* Resources */ = {
			isa = PBXResourcesBuildPhase;
			buildActionMask = 2147483647;
			files = (
				CCAFD2421EAC727D002C2547 /* Main.storyboard in Resources */,
				4C1E5DFF1E9E248500760766 /* LaunchScreen.storyboard in Resources */,
				4C1E5DFC1E9E248500760766 /* Assets.xcassets in Resources */,
			);
			runOnlyForDeploymentPostprocessing = 0;
		};
/* End PBXResourcesBuildPhase section */

/* Begin PBXShellScriptBuildPhase section */
		851B1B3AB9420B9AEE453813 /* [CP] Check Pods Manifest.lock */ = {
			isa = PBXShellScriptBuildPhase;
			buildActionMask = 2147483647;
			files = (
			);
			inputPaths = (
			);
			name = "[CP] Check Pods Manifest.lock";
			outputPaths = (
			);
			runOnlyForDeploymentPostprocessing = 0;
			shellPath = /bin/sh;
			shellScript = "diff \"${PODS_PODFILE_DIR_PATH}/Podfile.lock\" \"${PODS_ROOT}/Manifest.lock\" > /dev/null\nif [ $? != 0 ] ; then\n    # print error to STDERR\n    echo \"error: The sandbox is not in sync with the Podfile.lock. Run 'pod install' or update your CocoaPods installation.\" >&2\n    exit 1\nfi\n";
			showEnvVarsInLog = 0;
		};
		A389A9A8EE3ABAB356DE5C67 /* [CP] Copy Pods Resources */ = {
			isa = PBXShellScriptBuildPhase;
			buildActionMask = 2147483647;
			files = (
			);
			inputPaths = (
			);
			name = "[CP] Copy Pods Resources";
			outputPaths = (
			);
			runOnlyForDeploymentPostprocessing = 0;
			shellPath = /bin/sh;
			shellScript = "\"${SRCROOT}/Pods/Target Support Files/Pods-MDW/Pods-MDW-resources.sh\"\n";
			showEnvVarsInLog = 0;
		};
		CC0CB097C557B11151D2FD6A /* [CP] Embed Pods Frameworks */ = {
			isa = PBXShellScriptBuildPhase;
			buildActionMask = 2147483647;
			files = (
			);
			inputPaths = (
			);
			name = "[CP] Embed Pods Frameworks";
			outputPaths = (
			);
			runOnlyForDeploymentPostprocessing = 0;
			shellPath = /bin/sh;
			shellScript = "\"${SRCROOT}/Pods/Target Support Files/Pods-MDW/Pods-MDW-frameworks.sh\"\n";
			showEnvVarsInLog = 0;
		};
/* End PBXShellScriptBuildPhase section */

/* Begin PBXSourcesBuildPhase section */
		4C1E5DE81E9E248500760766 /* Sources */ = {
			isa = PBXSourcesBuildPhase;
			buildActionMask = 2147483647;
			files = (
				CCAFD24D1EACC1D2002C2547 /* DBHandler.m in Sources */,
				CC2B392D1E9FEC790099EEE9 /* SidebarTableViewController.m in Sources */,
				CC6D930C1EA2281800361E83 /* AgendaTabBarController.m in Sources */,
				CCA77D5E1EA0BAF7005C498E /* SpeakersViewController.m in Sources */,
				CCC357311EA867120057332A /* ProfileTabBarController.m in Sources */,
				CCAFD2631EACC3CE002C2547 /* SpeakerDTO.m in Sources */,
				CCAFD2531EACC20B002C2547 /* WebServiceDataProvider.m in Sources */,
				CCAFD2621EACC3CE002C2547 /* SessionDTO.m in Sources */,
				4C1E5DF71E9E248500760766 /* ViewController.m in Sources */,
				4C1E5DF41E9E248500760766 /* AppDelegate.m in Sources */,
				CCAFD2521EACC20B002C2547 /* URLProvider.m in Sources */,
				4C1E5DF11E9E248500760766 /* main.m in Sources */,
				CCAFD2401EAC6ECB002C2547 /* AllDaysViewController.m in Sources */,
				CCA77D611EA0BC30005C498E /* ExhibitorsViewController.m in Sources */,
				CCAFD2611EACC3CE002C2547 /* ExhibitorDTO.m in Sources */,
				CCC3572E1EA865A20057332A /* SpeakerDetailsViewController.m in Sources */,
				CCAFD25F1EACC3CE002C2547 /* AgendaDTO.m in Sources */,
				CCAFD2481EACB9EC002C2547 /* SessionDetailsViewController.m in Sources */,
				CC2B392A1E9FE54A0099EEE9 /* SWRevealViewController.m in Sources */,
				CCAFD2601EACC3CE002C2547 /* AttendeeDTO.m in Sources */,
			);
			runOnlyForDeploymentPostprocessing = 0;
		};
/* End PBXSourcesBuildPhase section */

/* Begin PBXVariantGroup section */
		4C1E5DFD1E9E248500760766 /* LaunchScreen.storyboard */ = {
			isa = PBXVariantGroup;
			children = (
				4C1E5DFE1E9E248500760766 /* Base */,
			);
			name = LaunchScreen.storyboard;
			sourceTree = "<group>";
		};
/* End PBXVariantGroup section */

/* Begin XCBuildConfiguration section */
		4C1E5E011E9E248500760766 /* Debug */ = {
			isa = XCBuildConfiguration;
			buildSettings = {
				ALWAYS_SEARCH_USER_PATHS = NO;
				CLANG_ANALYZER_NONNULL = YES;
				CLANG_ANALYZER_NUMBER_OBJECT_CONVERSION = YES_AGGRESSIVE;
				CLANG_CXX_LANGUAGE_STANDARD = "gnu++0x";
				CLANG_CXX_LIBRARY = "libc++";
				CLANG_ENABLE_MODULES = YES;
				CLANG_ENABLE_OBJC_ARC = YES;
				CLANG_WARN_BOOL_CONVERSION = YES;
				CLANG_WARN_CONSTANT_CONVERSION = YES;
				CLANG_WARN_DIRECT_OBJC_ISA_USAGE = YES_ERROR;
				CLANG_WARN_DOCUMENTATION_COMMENTS = YES;
				CLANG_WARN_EMPTY_BODY = YES;
				CLANG_WARN_ENUM_CONVERSION = YES;
				CLANG_WARN_INFINITE_RECURSION = YES;
				CLANG_WARN_INT_CONVERSION = YES;
				CLANG_WARN_OBJC_ROOT_CLASS = YES_ERROR;
				CLANG_WARN_SUSPICIOUS_MOVE = YES;
				CLANG_WARN_UNREACHABLE_CODE = YES;
				CLANG_WARN__DUPLICATE_METHOD_MATCH = YES;
				"CODE_SIGN_IDENTITY[sdk=iphoneos*]" = "iPhone Developer";
				COPY_PHASE_STRIP = NO;
				DEBUG_INFORMATION_FORMAT = dwarf;
				ENABLE_STRICT_OBJC_MSGSEND = YES;
				ENABLE_TESTABILITY = YES;
				GCC_C_LANGUAGE_STANDARD = gnu99;
				GCC_DYNAMIC_NO_PIC = NO;
				GCC_NO_COMMON_BLOCKS = YES;
				GCC_OPTIMIZATION_LEVEL = 0;
				GCC_PREPROCESSOR_DEFINITIONS = (
					"DEBUG=1",
					"$(inherited)",
				);
				GCC_WARN_64_TO_32_BIT_CONVERSION = YES;
				GCC_WARN_ABOUT_RETURN_TYPE = YES_ERROR;
				GCC_WARN_UNDECLARED_SELECTOR = YES;
				GCC_WARN_UNINITIALIZED_AUTOS = YES_AGGRESSIVE;
				GCC_WARN_UNUSED_FUNCTION = YES;
				GCC_WARN_UNUSED_VARIABLE = YES;
				IPHONEOS_DEPLOYMENT_TARGET = 10.3;
				MTL_ENABLE_DEBUG_INFO = YES;
				ONLY_ACTIVE_ARCH = YES;
				SDKROOT = iphoneos;
			};
			name = Debug;
		};
		4C1E5E021E9E248500760766 /* Release */ = {
			isa = XCBuildConfiguration;
			buildSettings = {
				ALWAYS_SEARCH_USER_PATHS = NO;
				CLANG_ANALYZER_NONNULL = YES;
				CLANG_ANALYZER_NUMBER_OBJECT_CONVERSION = YES_AGGRESSIVE;
				CLANG_CXX_LANGUAGE_STANDARD = "gnu++0x";
				CLANG_CXX_LIBRARY = "libc++";
				CLANG_ENABLE_MODULES = YES;
				CLANG_ENABLE_OBJC_ARC = YES;
				CLANG_WARN_BOOL_CONVERSION = YES;
				CLANG_WARN_CONSTANT_CONVERSION = YES;
				CLANG_WARN_DIRECT_OBJC_ISA_USAGE = YES_ERROR;
				CLANG_WARN_DOCUMENTATION_COMMENTS = YES;
				CLANG_WARN_EMPTY_BODY = YES;
				CLANG_WARN_ENUM_CONVERSION = YES;
				CLANG_WARN_INFINITE_RECURSION = YES;
				CLANG_WARN_INT_CONVERSION = YES;
				CLANG_WARN_OBJC_ROOT_CLASS = YES_ERROR;
				CLANG_WARN_SUSPICIOUS_MOVE = YES;
				CLANG_WARN_UNREACHABLE_CODE = YES;
				CLANG_WARN__DUPLICATE_METHOD_MATCH = YES;
				"CODE_SIGN_IDENTITY[sdk=iphoneos*]" = "iPhone Developer";
				COPY_PHASE_STRIP = NO;
				DEBUG_INFORMATION_FORMAT = "dwarf-with-dsym";
				ENABLE_NS_ASSERTIONS = NO;
				ENABLE_STRICT_OBJC_MSGSEND = YES;
				GCC_C_LANGUAGE_STANDARD = gnu99;
				GCC_NO_COMMON_BLOCKS = YES;
				GCC_WARN_64_TO_32_BIT_CONVERSION = YES;
				GCC_WARN_ABOUT_RETURN_TYPE = YES_ERROR;
				GCC_WARN_UNDECLARED_SELECTOR = YES;
				GCC_WARN_UNINITIALIZED_AUTOS = YES_AGGRESSIVE;
				GCC_WARN_UNUSED_FUNCTION = YES;
				GCC_WARN_UNUSED_VARIABLE = YES;
				IPHONEOS_DEPLOYMENT_TARGET = 10.3;
				MTL_ENABLE_DEBUG_INFO = NO;
				SDKROOT = iphoneos;
				VALIDATE_PRODUCT = YES;
			};
			name = Release;
		};
		4C1E5E041E9E248500760766 /* Debug */ = {
			isa = XCBuildConfiguration;
			baseConfigurationReference = 74FD82C09B21E6B286D628CE /* Pods-MDW.debug.xcconfig */;
			buildSettings = {
				ASSETCATALOG_COMPILER_APPICON_NAME = AppIcon;
				CODE_SIGN_IDENTITY = "iPhone Developer";
				"CODE_SIGN_IDENTITY[sdk=iphoneos*]" = "iPhone Developer";
				INFOPLIST_FILE = MDW/Info.plist;
				IPHONEOS_DEPLOYMENT_TARGET = 9.0;
				LD_RUNPATH_SEARCH_PATHS = "$(inherited) @executable_path/Frameworks";
				PRODUCT_BUNDLE_IDENTIFIER = JETS.MDW;
				PRODUCT_NAME = "$(TARGET_NAME)";
				PROVISIONING_PROFILE = "";
			};
			name = Debug;
		};
		4C1E5E051E9E248500760766 /* Release */ = {
			isa = XCBuildConfiguration;
			baseConfigurationReference = F5476FF75C776BDD8834B3C3 /* Pods-MDW.release.xcconfig */;
			buildSettings = {
				ASSETCATALOG_COMPILER_APPICON_NAME = AppIcon;
				CODE_SIGN_IDENTITY = "iPhone Developer";
				"CODE_SIGN_IDENTITY[sdk=iphoneos*]" = "iPhone Developer";
				INFOPLIST_FILE = MDW/Info.plist;
				IPHONEOS_DEPLOYMENT_TARGET = 9.0;
				LD_RUNPATH_SEARCH_PATHS = "$(inherited) @executable_path/Frameworks";
				MTL_ENABLE_DEBUG_INFO = YES;
				PRODUCT_BUNDLE_IDENTIFIER = JETS.MDW;
				PRODUCT_NAME = "$(TARGET_NAME)";
				PROVISIONING_PROFILE = "";
			};
			name = Release;
		};
/* End XCBuildConfiguration section */

/* Begin XCConfigurationList section */
		4C1E5DE71E9E248500760766 /* Build configuration list for PBXProject "MDW" */ = {
			isa = XCConfigurationList;
			buildConfigurations = (
				4C1E5E011E9E248500760766 /* Debug */,
				4C1E5E021E9E248500760766 /* Release */,
			);
			defaultConfigurationIsVisible = 0;
			defaultConfigurationName = Release;
		};
		4C1E5E031E9E248500760766 /* Build configuration list for PBXNativeTarget "MDW" */ = {
			isa = XCConfigurationList;
			buildConfigurations = (
				4C1E5E041E9E248500760766 /* Debug */,
				4C1E5E051E9E248500760766 /* Release */,
			);
			defaultConfigurationIsVisible = 0;
			defaultConfigurationName = Release;
		};
/* End XCConfigurationList section */
	};
	rootObject = 4C1E5DE41E9E248500760766 /* Project object */;
}
